# This file is autogenerated, do not edit; changes may be undone by the next 'dep ensure'.


[[projects]]
  name = "github.com/fatih/color"
  packages = ["."]
  revision = "daf2830f2741ebb735b21709a520c5f37d642d85"
  version = "v1.9.0"

[[projects]]
  name = "github.com/mattn/go-colorable"
  packages = ["."]
  revision = "2e1b0c1546e0173c0907cf05c67b8ba29ed8b4d1"
  version = "v0.1.8"

[[projects]]
  name = "github.com/mattn/go-isatty"
  packages = ["."]
  revision = "7b513a986450394f7bbf1476909911b3aa3a55ce"
  version = "v0.0.12"

[[projects]]
  branch = "master"
  name = "golang.org/x/sys"
  packages = ["internal/unsafeheader","unix"]
  revision = "eeed37f84f13f52d35e095e8023ba65671ff86a1"

[solve-meta]
  analyzer-name = "dep"
  analyzer-version = 1
  inputs-digest = "5d35e0b3f5c48301f993a70e852697971ff41cb1b234b326b9657e80a170747b"
  solver-name = "gps-cdcl"
  solver-version = 1
